{
  "name": "omniguard",
  "version": "1.9.7",
  "lockfileVersion": 3,
  "requires": true,
  "packages": {
    "": {
      "name": "omniguard",
      "version": "1.9.7",
      "license": "MIT",
      "bin": {
        "omniguard": "src/index.js"
      },
      "engines": {
        "node": ">=18.0.0"
      }
    }
  }
}
