{
  "name": "omniguard-enterprise-cli",
  "version": "2.1.1",
  "lockfileVersion": 3,
  "requires": true,
  "packages": {
    "": {
      "name": "omniguard-enterprise-cli",
      "version": "2.1.1",
      "license": "MIT",
      "dependencies": {
        "chokidar": "^5.0.0",
        "js-yaml": "^5.2.1"
      },
      "bin": {
        "omniguard": "src/index.js"
      },
      "engines": {
        "node": ">=18.0.0"
      }
    },
    "node_modules/argparse": {
      "version": "2.0.1",
      "resolved": "https://registry.npmjs.org/argparse/-/argparse-2.0.1.tgz",
      "integrity": "sha512-8+9WqebbFzpX9OR+Wa6O29asIogeRMzcGtAINdpMHHyAg10f05aSFVBbcEqGf/PXw1EjAZ+q2/bEBg3DvurK3Q==",
      "license": "Python-2.0"
    },
    "node_modules/chokidar": {
      "version": "5.0.0",
      "resolved": "https://registry.npmjs.org/chokidar/-/chokidar-5.0.0.tgz",
      "integrity": "sha512-TQMmc3w+5AxjpL8iIiwebF73dRDF4fBIieAqGn9RGCWaEVwQ6Fb2cGe31Yns0RRIzii5goJ1Y7xbMwo1TxMplw==",
      "license": "MIT",
      "dependencies": {
        "readdirp": "^5.0.0"
      },
      "engines": {
        "node": ">= 20.19.0"
      },
      "funding": {
        "url": "https://paulmillr.com/funding/"
      }
    },
    "node_modules/js-yaml": {
      "version": "5.2.1",
      "resolved": "https://registry.npmjs.org/js-yaml/-/js-yaml-5.2.1.tgz",
      "integrity": "sha512-zfLtNfQqxVqq3uaTqSkh4x4hZw3KHobGUA0fJUj4wawW8bsQLTVqpHdXSIzidh7o+4lEW36tANuAGdaFx6Zgnw==",
      "funding": [
        {
          "type": "github",
          "url": "https://github.com/sponsors/puzrin"
        },
        {
          "type": "github",
          "url": "https://github.com/sponsors/nodeca"
        }
      ],
      "license": "MIT",
      "dependencies": {
        "argparse": "^2.0.1"
      },
      "bin": {
        "js-yaml": "bin/js-yaml.mjs"
      }
    },
    "node_modules/readdirp": {
      "version": "5.0.0",
      "resolved": "https://registry.npmjs.org/readdirp/-/readdirp-5.0.0.tgz",
      "integrity": "sha512-9u/XQ1pvrQtYyMpZe7DXKv2p5CNvyVwzUB6uhLAnQwHMSgKMBR62lc7AHljaeteeHXn11XTAaLLUVZYVZyuRBQ==",
      "license": "MIT",
      "engines": {
        "node": ">= 20.19.0"
      },
      "funding": {
        "type": "individual",
        "url": "https://paulmillr.com/funding/"
      }
    }
  }
}
